
Microsoft Visual Studio Solution File, Format Version 12.00
# Visual Studio Version 17
VisualStudioVersion = 17.7.34024.191
MinimumVisualStudioVersion = 10.0.40219.1
Project("{FAE04EC0-301F-11D3-BF4B-00C04F79EFBC}") = "28.ComboBox add and remove", "28.ComboBox add and remove.csproj", "{ECC7B8C9-3626-4599-8E96-0E06D4D0D62B}"
EndProject
Global
	GlobalSection(SolutionConfigurationPlatforms) = preSolution
		Debug|Any CPU = Debug|Any CPU
		Release|Any CPU = Release|Any CPU
	EndGlobalSection
	GlobalSection(ProjectConfigurationPlatforms) = postSolution
		{ECC7B8C9-3626-4599-8E96-0E06D4D0D62B}.Debug|Any CPU.ActiveCfg = Debug|Any CPU
		{ECC7B8C9-3626-4599-8E96-0E06D4D0D62B}.Debug|Any CPU.Build.0 = Debug|Any CPU
		{ECC7B8C9-3626-4599-8E96-0E06D4D0D62B}.Release|Any CPU.ActiveCfg = Release|Any CPU
		{ECC7B8C9-3626-4599-8E96-0E06D4D0D62B}.Release|Any CPU.Build.0 = Release|Any CPU
	EndGlobalSection
	GlobalSection(SolutionProperties) = preSolution
		HideSolutionNode = FALSE
	EndGlobalSection
	GlobalSection(ExtensibilityGlobals) = postSolution
		SolutionGuid = {3E37A7A0-0CBC-46D6-B494-5FD4FD0F79E8}
	EndGlobalSection
EndGlobal
